# THIS IS AN AUTOGENERATED FILE. DO NOT EDIT THIS FILE DIRECTLY.
# yarn lockfile v1


double-ended-queue@^2.1.0-0:
  version "2.1.0-0"
  resolved "https://registry.yarnpkg.com/double-ended-queue/-/double-ended-queue-2.1.0-0.tgz#103d3527fd31528f40188130c841efdd78264e5c"

redis-commands@^1.2.0:
  version "1.3.1"
  resolved "https://registry.yarnpkg.com/redis-commands/-/redis-commands-1.3.1.tgz#81d826f45fa9c8b2011f4cd7a0fe597d241d442b"

redis-parser@^2.5.0:
  version "2.6.0"
  resolved "https://registry.yarnpkg.com/redis-parser/-/redis-parser-2.6.0.tgz#52ed09dacac108f1a631c07e9b69941e7a19504b"

redis@^2.7.1:
  version "2.7.1"
  resolved "https://registry.yarnpkg.com/redis/-/redis-2.7.1.tgz#7d56f7875b98b20410b71539f1d878ed58ebf46a"
  dependencies:
    double-ended-queue "^2.1.0-0"
    redis-commands "^1.2.0"
    redis-parser "^2.5.0"
