# THIS IS AN AUTOGENERATED FILE. DO NOT EDIT THIS FILE DIRECTLY.
# yarn lockfile v1


"@grial/cli@latest":
  version "1.3.0"
  resolved "https://registry.yarnpkg.com/@grial/cli/-/cli-1.3.0.tgz#9d86035f2191637d5770ad58c989c7249224a20d"
  dependencies:
    colors "^1.1.2"
    commander "^2.11.0"
    dotenv "^4.0.0"

"@grial/connector-faker@latest":
  version "1.0.2"
  resolved "https://registry.yarnpkg.com/@grial/connector-faker/-/connector-faker-1.0.2.tgz#943e14db55184218dec9f2bf4de6796c118ce54f"
  dependencies:
    faker "^4.1.0"

"@grial/server@latest":
  version "1.4.2"
  resolved "https://registry.yarnpkg.com/@grial/server/-/server-1.4.2.tgz#e4da49f65dab2f3c0d5c36ac25869f4ee82edcab"
  dependencies:
    "@grial/utils" "^1.0.0"
    file-exists "^4.0.0"
    graphql "^0.10.3"
    graphql-server-core "^1.0.2"
    graphql-server-module-graphiql "^1.0.2"
    graphql-tools "^1.1.0"
    micro "^8.0.1"
    subscriptions-transport-ws "^0.7.3"

"@grial/utils@^1.0.0":
  version "1.0.0"
  resolved "https://registry.yarnpkg.com/@grial/utils/-/utils-1.0.0.tgz#66d96b72ca479874cf22fd32c860152bda1ff3ea"

"@types/graphql@^0.9.0", "@types/graphql@^0.9.1":
  version "0.9.4"
  resolved "https://registry.yarnpkg.com/@types/graphql/-/graphql-0.9.4.tgz#cdeb6bcbef9b6c584374b81aa7f48ecf3da404fa"

"@types/node@*":
  version "8.0.19"
  resolved "https://registry.yarnpkg.com/@types/node/-/node-8.0.19.tgz#e46e2b0243de7d03f15b26b45c59ebb84f657a4e"

"@types/ws@^3.0.0":
  version "3.0.2"
  resolved "https://registry.yarnpkg.com/@types/ws/-/ws-3.0.2.tgz#b538b6a16daee454ac04054991271f3da38772de"
  dependencies:
    "@types/node" "*"

apollo-server-core@^1.0.2:
  version "1.0.2"
  resolved "https://registry.yarnpkg.com/apollo-server-core/-/apollo-server-core-1.0.2.tgz#6860a6b5680c42c8727153c524eefc84fb91e500"
  optionalDependencies:
    "@types/graphql" "^0.9.0"

apollo-server-module-graphiql@^1.0.5:
  version "1.0.5"
  resolved "https://registry.yarnpkg.com/apollo-server-module-graphiql/-/apollo-server-module-graphiql-1.0.5.tgz#31639acb1dc4bd7e2edb334cf619f84ebff600a6"

backo2@^1.0.2:
  version "1.0.2"
  resolved "https://registry.yarnpkg.com/backo2/-/backo2-1.0.2.tgz#31ab1ac8b129363463e35b3ebb69f4dfcfba7947"

bytes@2.4.0:
  version "2.4.0"
  resolved "https://registry.yarnpkg.com/bytes/-/bytes-2.4.0.tgz#7d97196f9d5baf7f6935e25985549edd2a6c2339"

colors@^1.1.2:
  version "1.1.2"
  resolved "https://registry.yarnpkg.com/colors/-/colors-1.1.2.tgz#168a4701756b6a7f51a12ce0c97bfa28c084ed63"

commander@^2.11.0:
  version "2.11.0"
  resolved "https://registry.yarnpkg.com/commander/-/commander-2.11.0.tgz#157152fd1e7a6c8d98a5b715cf376df928004563"

deprecated-decorator@^0.1.6:
  version "0.1.6"
  resolved "https://registry.yarnpkg.com/deprecated-decorator/-/deprecated-decorator-0.1.6.tgz#00966317b7a12fe92f3cc831f7583af329b86c37"

dotenv@^4.0.0:
  version "4.0.0"
  resolved "https://registry.yarnpkg.com/dotenv/-/dotenv-4.0.0.tgz#864ef1379aced55ce6f95debecdce179f7a0cd1d"

es6-promise@^4.0.5:
  version "4.1.1"
  resolved "https://registry.yarnpkg.com/es6-promise/-/es6-promise-4.1.1.tgz#8811e90915d9a0dba36274f0b242dbda78f9c92a"

eventemitter3@^2.0.3:
  version "2.0.3"
  resolved "https://registry.yarnpkg.com/eventemitter3/-/eventemitter3-2.0.3.tgz#b5e1079b59fb5e1ba2771c0a993be060a58c99ba"

faker@^4.1.0:
  version "4.1.0"
  resolved "https://registry.yarnpkg.com/faker/-/faker-4.1.0.tgz#1e45bbbecc6774b3c195fad2835109c6d748cc3f"

file-exists@^4.0.0:
  version "4.0.0"
  resolved "https://registry.yarnpkg.com/file-exists/-/file-exists-4.0.0.tgz#104eacf25d3fd6b3e462951ae923533195ffb52b"

graphql-server-core@^1.0.2:
  version "1.0.2"
  resolved "https://registry.yarnpkg.com/graphql-server-core/-/graphql-server-core-1.0.2.tgz#d7d35ff410aefd78bf45c89ed109463870d88b0c"
  dependencies:
    apollo-server-core "^1.0.2"

graphql-server-module-graphiql@^1.0.2:
  version "1.0.5"
  resolved "https://registry.yarnpkg.com/graphql-server-module-graphiql/-/graphql-server-module-graphiql-1.0.5.tgz#09b0ca2ca92829e211618133635fa40ad9f9e00b"
  dependencies:
    apollo-server-module-graphiql "^1.0.5"

graphql-subscriptions@^0.4.3:
  version "0.4.4"
  resolved "https://registry.yarnpkg.com/graphql-subscriptions/-/graphql-subscriptions-0.4.4.tgz#39cff32d08dd3c990113864bab77154403727e9b"
  dependencies:
    "@types/graphql" "^0.9.1"
    es6-promise "^4.0.5"
    iterall "^1.1.1"

graphql-tag@^2.0.0:
  version "2.4.2"
  resolved "https://registry.yarnpkg.com/graphql-tag/-/graphql-tag-2.4.2.tgz#6a63297d8522d03a2b72d26f1b239aab343840cd"

graphql-tools@^1.1.0:
  version "1.1.0"
  resolved "https://registry.yarnpkg.com/graphql-tools/-/graphql-tools-1.1.0.tgz#8d86ea6997b0dea3089b62dc655e47146a663ebb"
  dependencies:
    deprecated-decorator "^0.1.6"
    lodash "^4.3.0"
    uuid "^3.0.1"
  optionalDependencies:
    "@types/graphql" "^0.9.0"

graphql@^0.10.3:
  version "0.10.5"
  resolved "https://registry.yarnpkg.com/graphql/-/graphql-0.10.5.tgz#c9be17ca2bdfdbd134077ffd9bbaa48b8becd298"
  dependencies:
    iterall "^1.1.0"

iconv-lite@0.4.15:
  version "0.4.15"
  resolved "https://registry.yarnpkg.com/iconv-lite/-/iconv-lite-0.4.15.tgz#fe265a218ac6a57cfe854927e9d04c19825eddeb"

iterall@^1.1.0, iterall@^1.1.1:
  version "1.1.1"
  resolved "https://registry.yarnpkg.com/iterall/-/iterall-1.1.1.tgz#f7f0af11e9a04ec6426260f5019d9fcca4d50214"

lodash.assign@^4.2.0:
  version "4.2.0"
  resolved "https://registry.yarnpkg.com/lodash.assign/-/lodash.assign-4.2.0.tgz#0d99f3ccd7a6d261d19bdaeb9245005d285808e7"

lodash.isobject@^3.0.2:
  version "3.0.2"
  resolved "https://registry.yarnpkg.com/lodash.isobject/-/lodash.isobject-3.0.2.tgz#3c8fb8d5b5bf4bf90ae06e14f2a530a4ed935e1d"

lodash.isstring@^4.0.1:
  version "4.0.1"
  resolved "https://registry.yarnpkg.com/lodash.isstring/-/lodash.isstring-4.0.1.tgz#d527dfb5456eca7cc9bb95d5daeaf88ba54a5451"

lodash@^4.3.0:
  version "4.17.4"
  resolved "https://registry.yarnpkg.com/lodash/-/lodash-4.17.4.tgz#78203a4d1c328ae1d86dca6460e369b57f4055ae"

media-typer@0.3.0:
  version "0.3.0"
  resolved "https://registry.yarnpkg.com/media-typer/-/media-typer-0.3.0.tgz#8710d7af0aa626f8fffa1ce00168545263255748"

micro@^8.0.1:
  version "8.0.1"
  resolved "https://registry.yarnpkg.com/micro/-/micro-8.0.1.tgz#8645d425c05b566570b5b2757c7d1914f2261a62"
  dependencies:
    media-typer "0.3.0"
    mri "1.1.0"
    raw-body "2.2.0"

mri@1.1.0:
  version "1.1.0"
  resolved "https://registry.yarnpkg.com/mri/-/mri-1.1.0.tgz#5c0a3f29c8ccffbbb1ec941dcec09d71fa32f36a"

raw-body@2.2.0:
  version "2.2.0"
  resolved "https://registry.yarnpkg.com/raw-body/-/raw-body-2.2.0.tgz#994976cf6a5096a41162840492f0bdc5d6e7fb96"
  dependencies:
    bytes "2.4.0"
    iconv-lite "0.4.15"
    unpipe "1.0.0"

safe-buffer@~5.1.0:
  version "5.1.1"
  resolved "https://registry.yarnpkg.com/safe-buffer/-/safe-buffer-5.1.1.tgz#893312af69b2123def71f57889001671eeb2c853"

subscriptions-transport-ws@^0.7.3:
  version "0.7.3"
  resolved "https://registry.yarnpkg.com/subscriptions-transport-ws/-/subscriptions-transport-ws-0.7.3.tgz#15858f03e013e1fc28f8c2d631014ec1548d38f0"
  dependencies:
    "@types/ws" "^3.0.0"
    backo2 "^1.0.2"
    eventemitter3 "^2.0.3"
    graphql-subscriptions "^0.4.3"
    graphql-tag "^2.0.0"
    iterall "^1.1.1"
    lodash.assign "^4.2.0"
    lodash.isobject "^3.0.2"
    lodash.isstring "^4.0.1"
    ws "^3.0.0"

ultron@~1.1.0:
  version "1.1.0"
  resolved "https://registry.yarnpkg.com/ultron/-/ultron-1.1.0.tgz#b07a2e6a541a815fc6a34ccd4533baec307ca864"

unpipe@1.0.0:
  version "1.0.0"
  resolved "https://registry.yarnpkg.com/unpipe/-/unpipe-1.0.0.tgz#b2bf4ee8514aae6165b4817829d21b2ef49904ec"

uuid@^3.0.1:
  version "3.1.0"
  resolved "https://registry.yarnpkg.com/uuid/-/uuid-3.1.0.tgz#3dd3d3e790abc24d7b0d3a034ffababe28ebbc04"

ws@^3.0.0:
  version "3.1.0"
  resolved "https://registry.yarnpkg.com/ws/-/ws-3.1.0.tgz#8afafecdeab46d572e5397ee880739367aa2f41c"
  dependencies:
    safe-buffer "~5.1.0"
    ultron "~1.1.0"
