# THIS IS AN AUTOGENERATED FILE. DO NOT EDIT THIS FILE DIRECTLY.
# yarn lockfile v1


"@grial/utils@^1.0.0":
  version "1.0.0"
  resolved "https://registry.yarnpkg.com/@grial/utils/-/utils-1.0.0.tgz#66d96b72ca479874cf22fd32c860152bda1ff3ea"

"bluebird@>= 2.3.2 < 3":
  version "2.11.0"
  resolved "https://registry.yarnpkg.com/bluebird/-/bluebird-2.11.0.tgz#534b9033c022c9579c56ba3b3e5a5caafbb650e1"

rethinkdb@^2.2.29:
  version "2.3.3"
  resolved "https://registry.yarnpkg.com/rethinkdb/-/rethinkdb-2.3.3.tgz#3dc6586e22fa1dabee0d254e64bd0e379fad2f72"
  dependencies:
    bluebird ">= 2.3.2 < 3"
